
Microsoft Visual Studio Solution File, Format Version 12.00
# Visual Studio Version 17
VisualStudioVersion = 17.5.33530.505
MinimumVisualStudioVersion = 10.0.40219.1
Project("{9A19103F-16F7-4668-BE54-9A1E7A4F7556}") = "Venomcsproj", "Venomcsproj.csproj", "{0CF9681F-AA63-4F05-B88E-80B67E6596D7}"
EndProject
Global
	GlobalSection(SolutionConfigurationPlatforms) = preSolution
		Debug|Any CPU = Debug|Any CPU
		Release|Any CPU = Release|Any CPU
	EndGlobalSection
	GlobalSection(ProjectConfigurationPlatforms) = postSolution
		{0CF9681F-AA63-4F05-B88E-80B67E6596D7}.Debug|Any CPU.ActiveCfg = Debug|Any CPU
		{0CF9681F-AA63-4F05-B88E-80B67E6596D7}.Debug|Any CPU.Build.0 = Debug|Any CPU
		{0CF9681F-AA63-4F05-B88E-80B67E6596D7}.Release|Any CPU.ActiveCfg = Release|Any CPU
		{0CF9681F-AA63-4F05-B88E-80B67E6596D7}.Release|Any CPU.Build.0 = Release|Any CPU
	EndGlobalSection
	GlobalSection(SolutionProperties) = preSolution
		HideSolutionNode = FALSE
	EndGlobalSection
	GlobalSection(ExtensibilityGlobals) = postSolution
		SolutionGuid = {48A935B4-5335-4177-9772-7BF1C1F9FEEE}
	EndGlobalSection
EndGlobal
